
Microsoft Visual Studio Solution File, Format Version 12.00
# Visual Studio Version 17
VisualStudioVersion = 17.6.33815.320
MinimumVisualStudioVersion = 10.0.40219.1
Project("{9A19103F-16F7-4668-BE54-9A1E7A4F7556}") = "DalTest", "DalTest\DalTest.csproj", "{6059DA39-FDF5-4AC0-97F3-B50764F2D9F1}"
EndProject
Project("{9A19103F-16F7-4668-BE54-9A1E7A4F7556}") = "DalFacade", "DalFacade\DalFacade.csproj", "{D08B33BA-818D-492A-AFEC-B184E6818996}"
EndProject
Project("{9A19103F-16F7-4668-BE54-9A1E7A4F7556}") = "DalList", "DalList\DalList.csproj", "{07AB5B25-8D2C-4D33-9E13-2FE94D4A9F1D}"
EndProject
Project("{FAE04EC0-301F-11D3-BF4B-00C04F79EFBC}") = "DalXml", "DalXml\DalXml.csproj", "{1E221E6B-8CDD-488B-A2D4-90EB2AFD6B32}"
EndProject
Project("{2150E333-8FDC-42A3-9474-1A3956D46DE8}") = "xml", "xml", "{767C91B1-A4B6-4D3E-A419-DD0CA6D9C344}"
	ProjectSection(SolutionItems) = preProject
		xml\customers.xml = xml\customers.xml
		xml\data-config.xml = xml\data-config.xml
		xml\dal-config.xml = xml\dal-config.xml
		xml\products.xml = xml\products.xml
		xml\sales.xml = xml\sales.xml
	EndProjectSection
EndProject
Global
	GlobalSection(SolutionConfigurationPlatforms) = preSolution
		Debug|Any CPU = Debug|Any CPU
		Release|Any CPU = Release|Any CPU
	EndGlobalSection
	GlobalSection(ProjectConfigurationPlatforms) = postSolution
		{6059DA39-FDF5-4AC0-97F3-B50764F2D9F1}.Debug|Any CPU.ActiveCfg = Debug|Any CPU
		{6059DA39-FDF5-4AC0-97F3-B50764F2D9F1}.Debug|Any CPU.Build.0 = Debug|Any CPU
		{6059DA39-FDF5-4AC0-97F3-B50764F2D9F1}.Release|Any CPU.ActiveCfg = Release|Any CPU
		{6059DA39-FDF5-4AC0-97F3-B50764F2D9F1}.Release|Any CPU.Build.0 = Release|Any CPU
		{D08B33BA-818D-492A-AFEC-B184E6818996}.Debug|Any CPU.ActiveCfg = Debug|Any CPU
		{D08B33BA-818D-492A-AFEC-B184E6818996}.Debug|Any CPU.Build.0 = Debug|Any CPU
		{D08B33BA-818D-492A-AFEC-B184E6818996}.Release|Any CPU.ActiveCfg = Release|Any CPU
		{D08B33BA-818D-492A-AFEC-B184E6818996}.Release|Any CPU.Build.0 = Release|Any CPU
		{07AB5B25-8D2C-4D33-9E13-2FE94D4A9F1D}.Debug|Any CPU.ActiveCfg = Debug|Any CPU
		{07AB5B25-8D2C-4D33-9E13-2FE94D4A9F1D}.Debug|Any CPU.Build.0 = Debug|Any CPU
		{07AB5B25-8D2C-4D33-9E13-2FE94D4A9F1D}.Release|Any CPU.ActiveCfg = Release|Any CPU
		{07AB5B25-8D2C-4D33-9E13-2FE94D4A9F1D}.Release|Any CPU.Build.0 = Release|Any CPU
		{1E221E6B-8CDD-488B-A2D4-90EB2AFD6B32}.Debug|Any CPU.ActiveCfg = Debug|Any CPU
		{1E221E6B-8CDD-488B-A2D4-90EB2AFD6B32}.Debug|Any CPU.Build.0 = Debug|Any CPU
		{1E221E6B-8CDD-488B-A2D4-90EB2AFD6B32}.Release|Any CPU.ActiveCfg = Release|Any CPU
		{1E221E6B-8CDD-488B-A2D4-90EB2AFD6B32}.Release|Any CPU.Build.0 = Release|Any CPU
	EndGlobalSection
	GlobalSection(SolutionProperties) = preSolution
		HideSolutionNode = FALSE
	EndGlobalSection
	GlobalSection(ExtensibilityGlobals) = postSolution
		SolutionGuid = {8FC8EEEF-07EA-4B69-82A9-91CCF8A986BF}
	EndGlobalSection
EndGlobal
